
Microsoft Visual Studio Solution File, Format Version 12.00
# Visual Studio 15
VisualStudioVersion = 15.0.26730.16
MinimumVisualStudioVersion = 10.0.40219.1
Project("{FAE04EC0-301F-11D3-BF4B-00C04F79EFBC}") = "BasicFunctions", "BasicFunctions\BasicFunctions.csproj", "{21150B03-F0BF-40A3-B798-E1890110FFFD}"
EndProject
Project("{FAE04EC0-301F-11D3-BF4B-00C04F79EFBC}") = "Framework", "Framework\Framework.csproj", "{83E2637B-9BB5-4E85-AFA0-FB973BFEAC7E}"
EndProject
Global
	GlobalSection(SolutionConfigurationPlatforms) = preSolution
		Debug|Any CPU = Debug|Any CPU
		Release|Any CPU = Release|Any CPU
	EndGlobalSection
	GlobalSection(ProjectConfigurationPlatforms) = postSolution
		{21150B03-F0BF-40A3-B798-E1890110FFFD}.Debug|Any CPU.ActiveCfg = Debug|Any CPU
		{21150B03-F0BF-40A3-B798-E1890110FFFD}.Debug|Any CPU.Build.0 = Debug|Any CPU
		{21150B03-F0BF-40A3-B798-E1890110FFFD}.Release|Any CPU.ActiveCfg = Release|Any CPU
		{21150B03-F0BF-40A3-B798-E1890110FFFD}.Release|Any CPU.Build.0 = Release|Any CPU
		{83E2637B-9BB5-4E85-AFA0-FB973BFEAC7E}.Debug|Any CPU.ActiveCfg = Debug|Any CPU
		{83E2637B-9BB5-4E85-AFA0-FB973BFEAC7E}.Debug|Any CPU.Build.0 = Debug|Any CPU
		{83E2637B-9BB5-4E85-AFA0-FB973BFEAC7E}.Release|Any CPU.ActiveCfg = Release|Any CPU
		{83E2637B-9BB5-4E85-AFA0-FB973BFEAC7E}.Release|Any CPU.Build.0 = Release|Any CPU
	EndGlobalSection
	GlobalSection(SolutionProperties) = preSolution
		HideSolutionNode = FALSE
	EndGlobalSection
	GlobalSection(ExtensibilityGlobals) = postSolution
		SolutionGuid = {78428006-6798-49CC-A6E3-43C3078A9BAB}
	EndGlobalSection
EndGlobal
